
Microsoft Visual Studio Solution File, Format Version 12.00
# Visual Studio Version 17
VisualStudioVersion = 17.1.32421.90
MinimumVisualStudioVersion = 10.0.40219.1
Project("{9A19103F-16F7-4668-BE54-9A1E7A4F7556}") = "BrowserBot", "BrowserBot\BrowserBot.csproj", "{D20B23FF-3175-4CF6-9CB2-86AABE4E2FD9}"
EndProject
Global
	GlobalSection(SolutionConfigurationPlatforms) = preSolution
		Debug|Any CPU = Debug|Any CPU
		Release|Any CPU = Release|Any CPU
	EndGlobalSection
	GlobalSection(ProjectConfigurationPlatforms) = postSolution
		{D20B23FF-3175-4CF6-9CB2-86AABE4E2FD9}.Debug|Any CPU.ActiveCfg = Debug|Any CPU
		{D20B23FF-3175-4CF6-9CB2-86AABE4E2FD9}.Debug|Any CPU.Build.0 = Debug|Any CPU
		{D20B23FF-3175-4CF6-9CB2-86AABE4E2FD9}.Release|Any CPU.ActiveCfg = Release|Any CPU
		{D20B23FF-3175-4CF6-9CB2-86AABE4E2FD9}.Release|Any CPU.Build.0 = Release|Any CPU
	EndGlobalSection
	GlobalSection(SolutionProperties) = preSolution
		HideSolutionNode = FALSE
	EndGlobalSection
	GlobalSection(ExtensibilityGlobals) = postSolution
		SolutionGuid = {6161D361-44D3-443D-9CD1-5C6CB854C2DF}
	EndGlobalSection
EndGlobal
